
Microsoft Visual Studio Solution File, Format Version 12.00
# Visual Studio 15
VisualStudioVersion = 15.0.27004.2002
MinimumVisualStudioVersion = 10.0.40219.1
Project("{8BC9CEB8-8B4A-11D0-8D11-00A0C91BC942}") = "Stive si Cozi", "Stive si Cozi\Stive si Cozi.vcxproj", "{7D85E7C6-C7D0-4370-B329-E90DBF35540B}"
EndProject
Global
	GlobalSection(SolutionConfigurationPlatforms) = preSolution
		Debug|x64 = Debug|x64
		Debug|x86 = Debug|x86
		Release|x64 = Release|x64
		Release|x86 = Release|x86
	EndGlobalSection
	GlobalSection(ProjectConfigurationPlatforms) = postSolution
		{7D85E7C6-C7D0-4370-B329-E90DBF35540B}.Debug|x64.ActiveCfg = Debug|x64
		{7D85E7C6-C7D0-4370-B329-E90DBF35540B}.Debug|x64.Build.0 = Debug|x64
		{7D85E7C6-C7D0-4370-B329-E90DBF35540B}.Debug|x86.ActiveCfg = Debug|Win32
		{7D85E7C6-C7D0-4370-B329-E90DBF35540B}.Debug|x86.Build.0 = Debug|Win32
		{7D85E7C6-C7D0-4370-B329-E90DBF35540B}.Release|x64.ActiveCfg = Release|x64
		{7D85E7C6-C7D0-4370-B329-E90DBF35540B}.Release|x64.Build.0 = Release|x64
		{7D85E7C6-C7D0-4370-B329-E90DBF35540B}.Release|x86.ActiveCfg = Release|Win32
		{7D85E7C6-C7D0-4370-B329-E90DBF35540B}.Release|x86.Build.0 = Release|Win32
	EndGlobalSection
	GlobalSection(SolutionProperties) = preSolution
		HideSolutionNode = FALSE
	EndGlobalSection
	GlobalSection(ExtensibilityGlobals) = postSolution
		SolutionGuid = {5CE63F12-F821-436D-8BAB-A2D1ED6B38EE}
	EndGlobalSection
EndGlobal
